{
  "name": "demo3.6",
  "version": "3.6.1",
  "lockfileVersion": 2,
  "requires": true,
  "packages": {
    "": {
      "name": "demo3.6",
      "version": "3.6.1",
      "license": "ISC",
      "dependencies": {
        "fairygui-cc": "latest"
      }
    },
    "node_modules/@types/node": {
      "version": "14.18.31",
      "resolved": "https://registry.npmjs.org/@types/node/-/node-14.18.31.tgz",
      "integrity": "sha512-vQAnaReSQkEDa8uwAyQby8bYGKu84R/deEc6mg5T8fX6gzCn8QW6rziSgsti1fNvsrswKUKPnVTi7uoB+u62Mw=="
    },
    "node_modules/fairygui-cc": {
      "version": "1.1.1",
      "resolved": "https://registry.npmjs.org/fairygui-cc/-/fairygui-cc-1.1.1.tgz",
      "integrity": "sha512-jZ/+3INoHDiJN7ftC5I+qUKxqusZDiAGHgpBneITCjgn9M4uiWL4uLQSfFV+QkRj2nBJ7GGwpRjK0j0RnU1AZw==",
      "dependencies": {
        "@types/node": "^14.0.1",
        "lodash": "^4.17.15"
      }
    },
    "node_modules/lodash": {
      "version": "4.17.21",
      "resolved": "https://registry.npmjs.org/lodash/-/lodash-4.17.21.tgz",
      "integrity": "sha512-v2kDEe57lecTulaDIuNTPy3Ry4gLGJ6Z1O3vE1krgXZNrsQ+LFTGHVxVjcXPs17LhbZVGedAJv8XZ1tvj5FvSg=="
    }
  },
  "dependencies": {
    "@types/node": {
      "version": "14.18.31",
      "resolved": "https://registry.npmjs.org/@types/node/-/node-14.18.31.tgz",
      "integrity": "sha512-vQAnaReSQkEDa8uwAyQby8bYGKu84R/deEc6mg5T8fX6gzCn8QW6rziSgsti1fNvsrswKUKPnVTi7uoB+u62Mw=="
    },
    "fairygui-cc": {
      "version": "1.1.1",
      "resolved": "https://registry.npmjs.org/fairygui-cc/-/fairygui-cc-1.1.1.tgz",
      "integrity": "sha512-jZ/+3INoHDiJN7ftC5I+qUKxqusZDiAGHgpBneITCjgn9M4uiWL4uLQSfFV+QkRj2nBJ7GGwpRjK0j0RnU1AZw==",
      "requires": {
        "@types/node": "^14.0.1",
        "lodash": "^4.17.15"
      }
    },
    "lodash": {
      "version": "4.17.21",
      "resolved": "https://registry.npmjs.org/lodash/-/lodash-4.17.21.tgz",
      "integrity": "sha512-v2kDEe57lecTulaDIuNTPy3Ry4gLGJ6Z1O3vE1krgXZNrsQ+LFTGHVxVjcXPs17LhbZVGedAJv8XZ1tvj5FvSg=="
    }
  }
}
